<?xml version="1.0" encoding="utf-8"?>
<Project ToolsVersion="4.0" xmlns="http://schemas.microsoft.com/developer/msbuild/2003">
  <ItemGroup>
    <Filter Include="Source Files">
      <UniqueIdentifier>{4FC737F1-C7A5-4376-A066-2A32D752A2FF}</UniqueIdentifier>
      <Extensions>cpp;c;cc;cxx;c++;cppm;ixx;def;odl;idl;hpj;bat;asm;asmx</Extensions>
    </Filter>
    <Filter Include="Header Files">
      <UniqueIdentifier>{93995380-89BD-4b04-88EB-625FBE52EBFB}</UniqueIdentifier>
      <Extensions>h;hh;hpp;hxx;h++;hm;inl;inc;ipp;xsd</Extensions>
    </Filter>
    <Filter Include="Resource Files">
      <UniqueIdentifier>{67DA6AB6-F800-4c08-8B7A-83BB121AAD01}</UniqueIdentifier>
      <Extensions>rc;ico;cur;bmp;dlg;rc2;rct;bin;rgs;gif;jpg;jpeg;jpe;resx;tiff;tif;png;wav;mfcribbon-ms</Extensions>
    </Filter>
  </ItemGroup>
  <ItemGroup>
    <ClCompile Include="Source.cpp">
      <Filter>Source Files</Filter>
    </ClCompile>
    <ClCompile Include="ForceGenerator.cpp">
      <Filter>Source Files</Filter>
    </ClCompile>
    <ClCompile Include="ForceRegistry.cpp">
      <Filter>Source Files</Filter>
    </ClCompile>
    <ClCompile Include="DragForceGenerator.cpp">
      <Filter>Source Files</Filter>
    </ClCompile>
    <ClCompile Include="GravityForceGenerator.cpp">
      <Filter>Source Files</Filter>
    </ClCompile>
    <ClCompile Include="AnchoredSpring.cpp">
      <Filter>Source Files</Filter>
    </ClCompile>
    <ClCompile Include="BungeeSpring.cpp">
      <Filter>Source Files</Filter>
    </ClCompile>
    <ClCompile Include="MyVector.cpp">
      <Filter>Source Files</Filter>
    </ClCompile>
    <ClCompile Include="MyParticle.cpp">
      <Filter>Source Files</Filter>
    </ClCompile>
    <ClCompile Include="PhysicsWorld.cpp">
      <Filter>Source Files</Filter>
    </ClCompile>
    <ClCompile Include="ParticleLink.cpp">
      <Filter>Source Files</Filter>
    </ClCompile>
    <ClCompile Include="Cable.cpp">
      <Filter>Source Files</Filter>
    </ClCompile>
    <ClCompile Include="ContactResolver.cpp">
      <Filter>Source Files</Filter>
    </ClCompile>
    <ClCompile Include="ParticleContact.cpp">
      <Filter>Source Files</Filter>
    </ClCompile>
  </ItemGroup>
  <ItemGroup>
    <None Include="packages.config" />
  </ItemGroup>
  <ItemGroup>
    <ClInclude Include="obj_mesh.h">
      <Filter>Header Files</Filter>
    </ClInclude>
    <ClInclude Include="shader.h">
      <Filter>Header Files</Filter>
    </ClInclude>
    <ClInclude Include="stb_image.h">
      <Filter>Header Files</Filter>
    </ClInclude>
    <ClInclude Include="tiny_obj_loader.h">
      <Filter>Header Files</Filter>
    </ClInclude>
    <ClInclude Include="skybox.h">
      <Filter>Header Files</Filter>
    </ClInclude>
    <ClInclude Include="main.h">
      <Filter>Source Files</Filter>
    </ClInclude>
    <ClInclude Include="ForceGenerator.h">
      <Filter>Header Files</Filter>
    </ClInclude>
    <ClInclude Include="ForceRegistry.h">
      <Filter>Header Files</Filter>
    </ClInclude>
    <ClInclude Include="DragForceGenerator.h">
      <Filter>Header Files</Filter>
    </ClInclude>
    <ClInclude Include="GravityForceGenerator.h">
      <Filter>Header Files</Filter>
    </ClInclude>
    <ClInclude Include="AnchoredSpring.h">
      <Filter>Header Files</Filter>
    </ClInclude>
    <ClInclude Include="BungeeSpring.h">
      <Filter>Header Files</Filter>
    </ClInclude>
    <ClInclude Include="MyVector.h">
      <Filter>Header Files</Filter>
    </ClInclude>
    <ClInclude Include="MyParticle.h">
      <Filter>Header Files</Filter>
    </ClInclude>
    <ClInclude Include="PhysicsWorld.h">
      <Filter>Header Files</Filter>
    </ClInclude>
    <ClInclude Include="ParticleLink.h">
      <Filter>Header Files</Filter>
    </ClInclude>
    <ClInclude Include="Cable.h">
      <Filter>Header Files</Filter>
    </ClInclude>
    <ClInclude Include="ContactResolver.h">
      <Filter>Header Files</Filter>
    </ClInclude>
    <ClInclude Include="ParticleContact.h">
      <Filter>Header Files</Filter>
    </ClInclude>
  </ItemGroup>
</Project>